Microsoft Visual Studio Solution File, Format Version 12.00
# Visual Studio Version 17
VisualStudioVersion = 17.5.2.0
MinimumVisualStudioVersion = 10.0.40219.1
Project("{FAE04EC0-301F-11D3-BF4B-00C04F79EFBC}") = "lekiray.api", "lekiray.api.csproj", "{2DA758E0-118F-B0D5-6302-62056A5348EC}"
EndProject
Global
	GlobalSection(SolutionConfigurationPlatforms) = preSolution
		Debug|Any CPU = Debug|Any CPU
		Release|Any CPU = Release|Any CPU
	EndGlobalSection
	GlobalSection(ProjectConfigurationPlatforms) = postSolution
		{2DA758E0-118F-B0D5-6302-62056A5348EC}.Debug|Any CPU.ActiveCfg = Debug|Any CPU
		{2DA758E0-118F-B0D5-6302-62056A5348EC}.Debug|Any CPU.Build.0 = Debug|Any CPU
		{2DA758E0-118F-B0D5-6302-62056A5348EC}.Release|Any CPU.ActiveCfg = Release|Any CPU
		{2DA758E0-118F-B0D5-6302-62056A5348EC}.Release|Any CPU.Build.0 = Release|Any CPU
	EndGlobalSection
	GlobalSection(SolutionProperties) = preSolution
		HideSolutionNode = FALSE
	EndGlobalSection
	GlobalSection(ExtensibilityGlobals) = postSolution
		SolutionGuid = {8304FF51-8C2A-47E9-84F7-700EAF297AB6}
	EndGlobalSection
EndGlobal
